
Microsoft Visual Studio Solution File, Format Version 12.00
# Visual Studio Version 16
VisualStudioVersion = 16.0.28803.352
MinimumVisualStudioVersion = 10.0.40219.1
Project("{FAE04EC0-301F-11D3-BF4B-00C04F79EFBC}") = "BinaryConvert", "BinaryConvert.csproj", "{1AD66F00-ABE1-4357-B663-5DD943DB600A}"
EndProject
Global
	GlobalSection(SolutionConfigurationPlatforms) = preSolution
		Debug|Any CPU = Debug|Any CPU
		Release|Any CPU = Release|Any CPU
	EndGlobalSection
	GlobalSection(ProjectConfigurationPlatforms) = postSolution
		{1AD66F00-ABE1-4357-B663-5DD943DB600A}.Debug|Any CPU.ActiveCfg = Debug|Any CPU
		{1AD66F00-ABE1-4357-B663-5DD943DB600A}.Debug|Any CPU.Build.0 = Debug|Any CPU
		{1AD66F00-ABE1-4357-B663-5DD943DB600A}.Release|Any CPU.ActiveCfg = Release|Any CPU
		{1AD66F00-ABE1-4357-B663-5DD943DB600A}.Release|Any CPU.Build.0 = Release|Any CPU
	EndGlobalSection
	GlobalSection(SolutionProperties) = preSolution
		HideSolutionNode = FALSE
	EndGlobalSection
	GlobalSection(ExtensibilityGlobals) = postSolution
		SolutionGuid = {232EA7F0-F585-455B-9329-C64D757FD142}
	EndGlobalSection
EndGlobal
